
Microsoft Visual Studio Solution File, Format Version 12.00
# Visual Studio Version 16
VisualStudioVersion = 16.0.30907.101
MinimumVisualStudioVersion = 10.0.40219.1
Project("{FAE04EC0-301F-11D3-BF4B-00C04F79EFBC}") = "exercicio3", "exercicio3\exercicio3.csproj", "{FD5C0BAE-9549-466F-84F4-387FA0F3DCDB}"
EndProject
Global
	GlobalSection(SolutionConfigurationPlatforms) = preSolution
		Debug|Any CPU = Debug|Any CPU
		Release|Any CPU = Release|Any CPU
	EndGlobalSection
	GlobalSection(ProjectConfigurationPlatforms) = postSolution
		{FD5C0BAE-9549-466F-84F4-387FA0F3DCDB}.Debug|Any CPU.ActiveCfg = Debug|Any CPU
		{FD5C0BAE-9549-466F-84F4-387FA0F3DCDB}.Debug|Any CPU.Build.0 = Debug|Any CPU
		{FD5C0BAE-9549-466F-84F4-387FA0F3DCDB}.Release|Any CPU.ActiveCfg = Release|Any CPU
		{FD5C0BAE-9549-466F-84F4-387FA0F3DCDB}.Release|Any CPU.Build.0 = Release|Any CPU
	EndGlobalSection
	GlobalSection(SolutionProperties) = preSolution
		HideSolutionNode = FALSE
	EndGlobalSection
	GlobalSection(ExtensibilityGlobals) = postSolution
		SolutionGuid = {6054A84C-2D78-44D3-90B4-503D197F9FAF}
	EndGlobalSection
EndGlobal
