
Microsoft Visual Studio Solution File, Format Version 12.00
# Visual Studio Version 16
VisualStudioVersion = 16.0.30907.101
MinimumVisualStudioVersion = 10.0.40219.1
Project("{FAE04EC0-301F-11D3-BF4B-00C04F79EFBC}") = "exercicio6", "exercicio6\exercicio6.csproj", "{D78128A3-EEFD-4BE6-9E76-74D54B17E429}"
EndProject
Global
	GlobalSection(SolutionConfigurationPlatforms) = preSolution
		Debug|Any CPU = Debug|Any CPU
		Release|Any CPU = Release|Any CPU
	EndGlobalSection
	GlobalSection(ProjectConfigurationPlatforms) = postSolution
		{D78128A3-EEFD-4BE6-9E76-74D54B17E429}.Debug|Any CPU.ActiveCfg = Debug|Any CPU
		{D78128A3-EEFD-4BE6-9E76-74D54B17E429}.Debug|Any CPU.Build.0 = Debug|Any CPU
		{D78128A3-EEFD-4BE6-9E76-74D54B17E429}.Release|Any CPU.ActiveCfg = Release|Any CPU
		{D78128A3-EEFD-4BE6-9E76-74D54B17E429}.Release|Any CPU.Build.0 = Release|Any CPU
	EndGlobalSection
	GlobalSection(SolutionProperties) = preSolution
		HideSolutionNode = FALSE
	EndGlobalSection
	GlobalSection(ExtensibilityGlobals) = postSolution
		SolutionGuid = {1A0FF454-B337-450D-9F23-FD557ADC687D}
	EndGlobalSection
EndGlobal
