
Microsoft Visual Studio Solution File, Format Version 12.00
# Visual Studio Version 16
VisualStudioVersion = 16.0.30907.101
MinimumVisualStudioVersion = 10.0.40219.1
Project("{FAE04EC0-301F-11D3-BF4B-00C04F79EFBC}") = "exercicio5", "exercicio5\exercicio5.csproj", "{CC09D8E8-3DF3-4178-ABFA-D3E63E17F6DF}"
EndProject
Global
	GlobalSection(SolutionConfigurationPlatforms) = preSolution
		Debug|Any CPU = Debug|Any CPU
		Release|Any CPU = Release|Any CPU
	EndGlobalSection
	GlobalSection(ProjectConfigurationPlatforms) = postSolution
		{CC09D8E8-3DF3-4178-ABFA-D3E63E17F6DF}.Debug|Any CPU.ActiveCfg = Debug|Any CPU
		{CC09D8E8-3DF3-4178-ABFA-D3E63E17F6DF}.Debug|Any CPU.Build.0 = Debug|Any CPU
		{CC09D8E8-3DF3-4178-ABFA-D3E63E17F6DF}.Release|Any CPU.ActiveCfg = Release|Any CPU
		{CC09D8E8-3DF3-4178-ABFA-D3E63E17F6DF}.Release|Any CPU.Build.0 = Release|Any CPU
	EndGlobalSection
	GlobalSection(SolutionProperties) = preSolution
		HideSolutionNode = FALSE
	EndGlobalSection
	GlobalSection(ExtensibilityGlobals) = postSolution
		SolutionGuid = {63278757-475E-405E-AC07-CD3D6C98A10C}
	EndGlobalSection
EndGlobal
